
Microsoft Visual Studio Solution File, Format Version 12.00
# Visual Studio Version 16
VisualStudioVersion = 16.0.31727.386
MinimumVisualStudioVersion = 10.0.40219.1
Project("{FAE04EC0-301F-11D3-BF4B-00C04F79EFBC}") = "iOS_EntryIssueTest.UWP", "iOS_EntryIssueTest.UWP\iOS_EntryIssueTest.UWP.csproj", "{CB36C6CF-755F-42B9-AA94-B9ACF99164ED}"
EndProject
Project("{FAE04EC0-301F-11D3-BF4B-00C04F79EFBC}") = "iOS_EntryIssueTest.Android", "iOS_EntryIssueTest.Android\iOS_EntryIssueTest.Android.csproj", "{7DBE29DD-5BCC-4D1D-B108-B996182BF12F}"
EndProject
Project("{FAE04EC0-301F-11D3-BF4B-00C04F79EFBC}") = "iOS_EntryIssueTest.iOS", "iOS_EntryIssueTest.iOS\iOS_EntryIssueTest.iOS.csproj", "{6201CB14-E8FC-48AF-8441-2C086B468E9F}"
EndProject
Project("{FAE04EC0-301F-11D3-BF4B-00C04F79EFBC}") = "iOS_EntryIssueTest", "iOS_EntryIssueTest\iOS_EntryIssueTest.csproj", "{B7F6F193-3F28-430C-BC7E-5C045FB1430C}"
EndProject
Global
	GlobalSection(SolutionConfigurationPlatforms) = preSolution
		Debug|Any CPU = Debug|Any CPU
		Debug|ARM = Debug|ARM
		Debug|iPhone = Debug|iPhone
		Debug|iPhoneSimulator = Debug|iPhoneSimulator
		Debug|x64 = Debug|x64
		Debug|x86 = Debug|x86
		Release|Any CPU = Release|Any CPU
		Release|ARM = Release|ARM
		Release|iPhone = Release|iPhone
		Release|iPhoneSimulator = Release|iPhoneSimulator
		Release|x64 = Release|x64
		Release|x86 = Release|x86
	EndGlobalSection
	GlobalSection(ProjectConfigurationPlatforms) = postSolution
		{CB36C6CF-755F-42B9-AA94-B9ACF99164ED}.Debug|Any CPU.ActiveCfg = Debug|x86
		{CB36C6CF-755F-42B9-AA94-B9ACF99164ED}.Debug|Any CPU.Build.0 = Debug|x86
		{CB36C6CF-755F-42B9-AA94-B9ACF99164ED}.Debug|Any CPU.Deploy.0 = Debug|x86
		{CB36C6CF-755F-42B9-AA94-B9ACF99164ED}.Debug|ARM.ActiveCfg = Debug|ARM
		{CB36C6CF-755F-42B9-AA94-B9ACF99164ED}.Debug|ARM.Build.0 = Debug|ARM
		{CB36C6CF-755F-42B9-AA94-B9ACF99164ED}.Debug|ARM.Deploy.0 = Debug|ARM
		{CB36C6CF-755F-42B9-AA94-B9ACF99164ED}.Debug|iPhone.ActiveCfg = Debug|x86
		{CB36C6CF-755F-42B9-AA94-B9ACF99164ED}.Debug|iPhone.Build.0 = Debug|x86
		{CB36C6CF-755F-42B9-AA94-B9ACF99164ED}.Debug|iPhone.Deploy.0 = Debug|x86
		{CB36C6CF-755F-42B9-AA94-B9ACF99164ED}.Debug|iPhoneSimulator.ActiveCfg = Debug|x86
		{CB36C6CF-755F-42B9-AA94-B9ACF99164ED}.Debug|iPhoneSimulator.Build.0 = Debug|x86
		{CB36C6CF-755F-42B9-AA94-B9ACF99164ED}.Debug|iPhoneSimulator.Deploy.0 = Debug|x86
		{CB36C6CF-755F-42B9-AA94-B9ACF99164ED}.Debug|x64.ActiveCfg = Debug|x64
		{CB36C6CF-755F-42B9-AA94-B9ACF99164ED}.Debug|x64.Build.0 = Debug|x64
		{CB36C6CF-755F-42B9-AA94-B9ACF99164ED}.Debug|x64.Deploy.0 = Debug|x64
		{CB36C6CF-755F-42B9-AA94-B9ACF99164ED}.Debug|x86.ActiveCfg = Debug|x86
		{CB36C6CF-755F-42B9-AA94-B9ACF99164ED}.Debug|x86.Build.0 = Debug|x86
		{CB36C6CF-755F-42B9-AA94-B9ACF99164ED}.Debug|x86.Deploy.0 = Debug|x86
		{CB36C6CF-755F-42B9-AA94-B9ACF99164ED}.Release|Any CPU.ActiveCfg = Release|x86
		{CB36C6CF-755F-42B9-AA94-B9ACF99164ED}.Release|Any CPU.Build.0 = Release|x86
		{CB36C6CF-755F-42B9-AA94-B9ACF99164ED}.Release|Any CPU.Deploy.0 = Release|x86
		{CB36C6CF-755F-42B9-AA94-B9ACF99164ED}.Release|ARM.ActiveCfg = Release|ARM
		{CB36C6CF-755F-42B9-AA94-B9ACF99164ED}.Release|ARM.Build.0 = Release|ARM
		{CB36C6CF-755F-42B9-AA94-B9ACF99164ED}.Release|ARM.Deploy.0 = Release|ARM
		{CB36C6CF-755F-42B9-AA94-B9ACF99164ED}.Release|iPhone.ActiveCfg = Release|x86
		{CB36C6CF-755F-42B9-AA94-B9ACF99164ED}.Release|iPhone.Build.0 = Release|x86
		{CB36C6CF-755F-42B9-AA94-B9ACF99164ED}.Release|iPhone.Deploy.0 = Release|x86
		{CB36C6CF-755F-42B9-AA94-B9ACF99164ED}.Release|iPhoneSimulator.ActiveCfg = Release|x86
		{CB36C6CF-755F-42B9-AA94-B9ACF99164ED}.Release|iPhoneSimulator.Build.0 = Release|x86
		{CB36C6CF-755F-42B9-AA94-B9ACF99164ED}.Release|iPhoneSimulator.Deploy.0 = Release|x86
		{CB36C6CF-755F-42B9-AA94-B9ACF99164ED}.Release|x64.ActiveCfg = Release|x64
		{CB36C6CF-755F-42B9-AA94-B9ACF99164ED}.Release|x64.Build.0 = Release|x64
		{CB36C6CF-755F-42B9-AA94-B9ACF99164ED}.Release|x64.Deploy.0 = Release|x64
		{CB36C6CF-755F-42B9-AA94-B9ACF99164ED}.Release|x86.ActiveCfg = Release|x86
		{CB36C6CF-755F-42B9-AA94-B9ACF99164ED}.Release|x86.Build.0 = Release|x86
		{CB36C6CF-755F-42B9-AA94-B9ACF99164ED}.Release|x86.Deploy.0 = Release|x86
		{7DBE29DD-5BCC-4D1D-B108-B996182BF12F}.Debug|Any CPU.ActiveCfg = Debug|Any CPU
		{7DBE29DD-5BCC-4D1D-B108-B996182BF12F}.Debug|Any CPU.Build.0 = Debug|Any CPU
		{7DBE29DD-5BCC-4D1D-B108-B996182BF12F}.Debug|Any CPU.Deploy.0 = Debug|Any CPU
		{7DBE29DD-5BCC-4D1D-B108-B996182BF12F}.Debug|ARM.ActiveCfg = Debug|Any CPU
		{7DBE29DD-5BCC-4D1D-B108-B996182BF12F}.Debug|ARM.Build.0 = Debug|Any CPU
		{7DBE29DD-5BCC-4D1D-B108-B996182BF12F}.Debug|ARM.Deploy.0 = Debug|Any CPU
		{7DBE29DD-5BCC-4D1D-B108-B996182BF12F}.Debug|iPhone.ActiveCfg = Debug|Any CPU
		{7DBE29DD-5BCC-4D1D-B108-B996182BF12F}.Debug|iPhone.Build.0 = Debug|Any CPU
		{7DBE29DD-5BCC-4D1D-B108-B996182BF12F}.Debug|iPhone.Deploy.0 = Debug|Any CPU
		{7DBE29DD-5BCC-4D1D-B108-B996182BF12F}.Debug|iPhoneSimulator.ActiveCfg = Debug|Any CPU
		{7DBE29DD-5BCC-4D1D-B108-B996182BF12F}.Debug|iPhoneSimulator.Build.0 = Debug|Any CPU
		{7DBE29DD-5BCC-4D1D-B108-B996182BF12F}.Debug|iPhoneSimulator.Deploy.0 = Debug|Any CPU
		{7DBE29DD-5BCC-4D1D-B108-B996182BF12F}.Debug|x64.ActiveCfg = Debug|Any CPU
		{7DBE29DD-5BCC-4D1D-B108-B996182BF12F}.Debug|x64.Build.0 = Debug|Any CPU
		{7DBE29DD-5BCC-4D1D-B108-B996182BF12F}.Debug|x64.Deploy.0 = Debug|Any CPU
		{7DBE29DD-5BCC-4D1D-B108-B996182BF12F}.Debug|x86.ActiveCfg = Debug|Any CPU
		{7DBE29DD-5BCC-4D1D-B108-B996182BF12F}.Debug|x86.Build.0 = Debug|Any CPU
		{7DBE29DD-5BCC-4D1D-B108-B996182BF12F}.Debug|x86.Deploy.0 = Debug|Any CPU
		{7DBE29DD-5BCC-4D1D-B108-B996182BF12F}.Release|Any CPU.ActiveCfg = Release|Any CPU
		{7DBE29DD-5BCC-4D1D-B108-B996182BF12F}.Release|Any CPU.Build.0 = Release|Any CPU
		{7DBE29DD-5BCC-4D1D-B108-B996182BF12F}.Release|Any CPU.Deploy.0 = Release|Any CPU
		{7DBE29DD-5BCC-4D1D-B108-B996182BF12F}.Release|ARM.ActiveCfg = Release|Any CPU
		{7DBE29DD-5BCC-4D1D-B108-B996182BF12F}.Release|ARM.Build.0 = Release|Any CPU
		{7DBE29DD-5BCC-4D1D-B108-B996182BF12F}.Release|ARM.Deploy.0 = Release|Any CPU
		{7DBE29DD-5BCC-4D1D-B108-B996182BF12F}.Release|iPhone.ActiveCfg = Release|Any CPU
		{7DBE29DD-5BCC-4D1D-B108-B996182BF12F}.Release|iPhone.Build.0 = Release|Any CPU
		{7DBE29DD-5BCC-4D1D-B108-B996182BF12F}.Release|iPhone.Deploy.0 = Release|Any CPU
		{7DBE29DD-5BCC-4D1D-B108-B996182BF12F}.Release|iPhoneSimulator.ActiveCfg = Release|Any CPU
		{7DBE29DD-5BCC-4D1D-B108-B996182BF12F}.Release|iPhoneSimulator.Build.0 = Release|Any CPU
		{7DBE29DD-5BCC-4D1D-B108-B996182BF12F}.Release|iPhoneSimulator.Deploy.0 = Release|Any CPU
		{7DBE29DD-5BCC-4D1D-B108-B996182BF12F}.Release|x64.ActiveCfg = Release|Any CPU
		{7DBE29DD-5BCC-4D1D-B108-B996182BF12F}.Release|x64.Build.0 = Release|Any CPU
		{7DBE29DD-5BCC-4D1D-B108-B996182BF12F}.Release|x64.Deploy.0 = Release|Any CPU
		{7DBE29DD-5BCC-4D1D-B108-B996182BF12F}.Release|x86.ActiveCfg = Release|Any CPU
		{7DBE29DD-5BCC-4D1D-B108-B996182BF12F}.Release|x86.Build.0 = Release|Any CPU
		{7DBE29DD-5BCC-4D1D-B108-B996182BF12F}.Release|x86.Deploy.0 = Release|Any CPU
		{6201CB14-E8FC-48AF-8441-2C086B468E9F}.Debug|Any CPU.ActiveCfg = Debug|iPhoneSimulator
		{6201CB14-E8FC-48AF-8441-2C086B468E9F}.Debug|Any CPU.Build.0 = Debug|iPhoneSimulator
		{6201CB14-E8FC-48AF-8441-2C086B468E9F}.Debug|Any CPU.Deploy.0 = Debug|iPhoneSimulator
		{6201CB14-E8FC-48AF-8441-2C086B468E9F}.Debug|ARM.ActiveCfg = Debug|iPhone
		{6201CB14-E8FC-48AF-8441-2C086B468E9F}.Debug|ARM.Build.0 = Debug|iPhone
		{6201CB14-E8FC-48AF-8441-2C086B468E9F}.Debug|ARM.Deploy.0 = Debug|iPhone
		{6201CB14-E8FC-48AF-8441-2C086B468E9F}.Debug|iPhone.ActiveCfg = Debug|iPhone
		{6201CB14-E8FC-48AF-8441-2C086B468E9F}.Debug|iPhone.Build.0 = Debug|iPhone
		{6201CB14-E8FC-48AF-8441-2C086B468E9F}.Debug|iPhone.Deploy.0 = Debug|iPhone
		{6201CB14-E8FC-48AF-8441-2C086B468E9F}.Debug|iPhoneSimulator.ActiveCfg = Debug|iPhoneSimulator
		{6201CB14-E8FC-48AF-8441-2C086B468E9F}.Debug|iPhoneSimulator.Build.0 = Debug|iPhoneSimulator
		{6201CB14-E8FC-48AF-8441-2C086B468E9F}.Debug|iPhoneSimulator.Deploy.0 = Debug|iPhoneSimulator
		{6201CB14-E8FC-48AF-8441-2C086B468E9F}.Debug|x64.ActiveCfg = Debug|iPhoneSimulator
		{6201CB14-E8FC-48AF-8441-2C086B468E9F}.Debug|x64.Build.0 = Debug|iPhoneSimulator
		{6201CB14-E8FC-48AF-8441-2C086B468E9F}.Debug|x64.Deploy.0 = Debug|iPhoneSimulator
		{6201CB14-E8FC-48AF-8441-2C086B468E9F}.Debug|x86.ActiveCfg = Debug|iPhoneSimulator
		{6201CB14-E8FC-48AF-8441-2C086B468E9F}.Debug|x86.Build.0 = Debug|iPhoneSimulator
		{6201CB14-E8FC-48AF-8441-2C086B468E9F}.Debug|x86.Deploy.0 = Debug|iPhoneSimulator
		{6201CB14-E8FC-48AF-8441-2C086B468E9F}.Release|Any CPU.ActiveCfg = Release|iPhoneSimulator
		{6201CB14-E8FC-48AF-8441-2C086B468E9F}.Release|Any CPU.Build.0 = Release|iPhoneSimulator
		{6201CB14-E8FC-48AF-8441-2C086B468E9F}.Release|Any CPU.Deploy.0 = Release|iPhoneSimulator
		{6201CB14-E8FC-48AF-8441-2C086B468E9F}.Release|ARM.ActiveCfg = Release|iPhoneSimulator
		{6201CB14-E8FC-48AF-8441-2C086B468E9F}.Release|ARM.Build.0 = Release|iPhoneSimulator
		{6201CB14-E8FC-48AF-8441-2C086B468E9F}.Release|ARM.Deploy.0 = Release|iPhoneSimulator
		{6201CB14-E8FC-48AF-8441-2C086B468E9F}.Release|iPhone.ActiveCfg = Release|iPhone
		{6201CB14-E8FC-48AF-8441-2C086B468E9F}.Release|iPhone.Build.0 = Release|iPhone
		{6201CB14-E8FC-48AF-8441-2C086B468E9F}.Release|iPhone.Deploy.0 = Release|iPhone
		{6201CB14-E8FC-48AF-8441-2C086B468E9F}.Release|iPhoneSimulator.ActiveCfg = Release|iPhoneSimulator
		{6201CB14-E8FC-48AF-8441-2C086B468E9F}.Release|iPhoneSimulator.Build.0 = Release|iPhoneSimulator
		{6201CB14-E8FC-48AF-8441-2C086B468E9F}.Release|iPhoneSimulator.Deploy.0 = Release|iPhoneSimulator
		{6201CB14-E8FC-48AF-8441-2C086B468E9F}.Release|x64.ActiveCfg = Release|iPhoneSimulator
		{6201CB14-E8FC-48AF-8441-2C086B468E9F}.Release|x64.Build.0 = Release|iPhoneSimulator
		{6201CB14-E8FC-48AF-8441-2C086B468E9F}.Release|x64.Deploy.0 = Release|iPhoneSimulator
		{6201CB14-E8FC-48AF-8441-2C086B468E9F}.Release|x86.ActiveCfg = Release|iPhoneSimulator
		{6201CB14-E8FC-48AF-8441-2C086B468E9F}.Release|x86.Build.0 = Release|iPhoneSimulator
		{6201CB14-E8FC-48AF-8441-2C086B468E9F}.Release|x86.Deploy.0 = Release|iPhoneSimulator
		{B7F6F193-3F28-430C-BC7E-5C045FB1430C}.Debug|Any CPU.ActiveCfg = Debug|Any CPU
		{B7F6F193-3F28-430C-BC7E-5C045FB1430C}.Debug|Any CPU.Build.0 = Debug|Any CPU
		{B7F6F193-3F28-430C-BC7E-5C045FB1430C}.Debug|Any CPU.Deploy.0 = Debug|Any CPU
		{B7F6F193-3F28-430C-BC7E-5C045FB1430C}.Debug|ARM.ActiveCfg = Debug|Any CPU
		{B7F6F193-3F28-430C-BC7E-5C045FB1430C}.Debug|ARM.Build.0 = Debug|Any CPU
		{B7F6F193-3F28-430C-BC7E-5C045FB1430C}.Debug|ARM.Deploy.0 = Debug|Any CPU
		{B7F6F193-3F28-430C-BC7E-5C045FB1430C}.Debug|iPhone.ActiveCfg = Debug|Any CPU
		{B7F6F193-3F28-430C-BC7E-5C045FB1430C}.Debug|iPhone.Build.0 = Debug|Any CPU
		{B7F6F193-3F28-430C-BC7E-5C045FB1430C}.Debug|iPhone.Deploy.0 = Debug|Any CPU
		{B7F6F193-3F28-430C-BC7E-5C045FB1430C}.Debug|iPhoneSimulator.ActiveCfg = Debug|Any CPU
		{B7F6F193-3F28-430C-BC7E-5C045FB1430C}.Debug|iPhoneSimulator.Build.0 = Debug|Any CPU
		{B7F6F193-3F28-430C-BC7E-5C045FB1430C}.Debug|iPhoneSimulator.Deploy.0 = Debug|Any CPU
		{B7F6F193-3F28-430C-BC7E-5C045FB1430C}.Debug|x64.ActiveCfg = Debug|Any CPU
		{B7F6F193-3F28-430C-BC7E-5C045FB1430C}.Debug|x64.Build.0 = Debug|Any CPU
		{B7F6F193-3F28-430C-BC7E-5C045FB1430C}.Debug|x64.Deploy.0 = Debug|Any CPU
		{B7F6F193-3F28-430C-BC7E-5C045FB1430C}.Debug|x86.ActiveCfg = Debug|Any CPU
		{B7F6F193-3F28-430C-BC7E-5C045FB1430C}.Debug|x86.Build.0 = Debug|Any CPU
		{B7F6F193-3F28-430C-BC7E-5C045FB1430C}.Debug|x86.Deploy.0 = Debug|Any CPU
		{B7F6F193-3F28-430C-BC7E-5C045FB1430C}.Release|Any CPU.ActiveCfg = Release|Any CPU
		{B7F6F193-3F28-430C-BC7E-5C045FB1430C}.Release|Any CPU.Build.0 = Release|Any CPU
		{B7F6F193-3F28-430C-BC7E-5C045FB1430C}.Release|Any CPU.Deploy.0 = Release|Any CPU
		{B7F6F193-3F28-430C-BC7E-5C045FB1430C}.Release|ARM.ActiveCfg = Release|Any CPU
		{B7F6F193-3F28-430C-BC7E-5C045FB1430C}.Release|ARM.Build.0 = Release|Any CPU
		{B7F6F193-3F28-430C-BC7E-5C045FB1430C}.Release|ARM.Deploy.0 = Release|Any CPU
		{B7F6F193-3F28-430C-BC7E-5C045FB1430C}.Release|iPhone.ActiveCfg = Release|Any CPU
		{B7F6F193-3F28-430C-BC7E-5C045FB1430C}.Release|iPhone.Build.0 = Release|Any CPU
		{B7F6F193-3F28-430C-BC7E-5C045FB1430C}.Release|iPhone.Deploy.0 = Release|Any CPU
		{B7F6F193-3F28-430C-BC7E-5C045FB1430C}.Release|iPhoneSimulator.ActiveCfg = Release|Any CPU
		{B7F6F193-3F28-430C-BC7E-5C045FB1430C}.Release|iPhoneSimulator.Build.0 = Release|Any CPU
		{B7F6F193-3F28-430C-BC7E-5C045FB1430C}.Release|iPhoneSimulator.Deploy.0 = Release|Any CPU
		{B7F6F193-3F28-430C-BC7E-5C045FB1430C}.Release|x64.ActiveCfg = Release|Any CPU
		{B7F6F193-3F28-430C-BC7E-5C045FB1430C}.Release|x64.Build.0 = Release|Any CPU
		{B7F6F193-3F28-430C-BC7E-5C045FB1430C}.Release|x64.Deploy.0 = Release|Any CPU
		{B7F6F193-3F28-430C-BC7E-5C045FB1430C}.Release|x86.ActiveCfg = Release|Any CPU
		{B7F6F193-3F28-430C-BC7E-5C045FB1430C}.Release|x86.Build.0 = Release|Any CPU
		{B7F6F193-3F28-430C-BC7E-5C045FB1430C}.Release|x86.Deploy.0 = Release|Any CPU
	EndGlobalSection
	GlobalSection(SolutionProperties) = preSolution
		HideSolutionNode = FALSE
	EndGlobalSection
	GlobalSection(ExtensibilityGlobals) = postSolution
		SolutionGuid = {5C5C4BA1-A395-4462-BDF2-EF6F0E457E80}
	EndGlobalSection
EndGlobal
